
Microsoft Visual Studio Solution File, Format Version 12.00
# Visual Studio Version 17
VisualStudioVersion = 17.7.34024.191
MinimumVisualStudioVersion = 10.0.40219.1
Project("{FAE04EC0-301F-11D3-BF4B-00C04F79EFBC}") = "mysuperproject", "mysuperproject.csproj", "{6E0A3080-60E0-4013-A7B4-86652E9D1753}"
EndProject
Global
	GlobalSection(SolutionConfigurationPlatforms) = preSolution
		Debug|Any CPU = Debug|Any CPU
		Release|Any CPU = Release|Any CPU
	EndGlobalSection
	GlobalSection(ProjectConfigurationPlatforms) = postSolution
		{6E0A3080-60E0-4013-A7B4-86652E9D1753}.Debug|Any CPU.ActiveCfg = Debug|Any CPU
		{6E0A3080-60E0-4013-A7B4-86652E9D1753}.Debug|Any CPU.Build.0 = Debug|Any CPU
		{6E0A3080-60E0-4013-A7B4-86652E9D1753}.Release|Any CPU.ActiveCfg = Release|Any CPU
		{6E0A3080-60E0-4013-A7B4-86652E9D1753}.Release|Any CPU.Build.0 = Release|Any CPU
	EndGlobalSection
	GlobalSection(SolutionProperties) = preSolution
		HideSolutionNode = FALSE
	EndGlobalSection
	GlobalSection(ExtensibilityGlobals) = postSolution
		SolutionGuid = {8D81DB0B-1039-4A7E-AF10-00B756358AA3}
	EndGlobalSection
EndGlobal
